
Microsoft Visual Studio Solution File, Format Version 12.00
# Visual Studio Version 16
VisualStudioVersion = 16.0.29609.76
MinimumVisualStudioVersion = 10.0.40219.1
Project("{FAE04EC0-301F-11D3-BF4B-00C04F79EFBC}") = "cnArcherMailProxy", "cnArcherMailProxy\cnArcherMailProxy.csproj", "{58249FC0-066A-4A78-BF25-410E1774A5E4}"
EndProject
Global
	GlobalSection(SolutionConfigurationPlatforms) = preSolution
		Debug|Any CPU = Debug|Any CPU
		Release|Any CPU = Release|Any CPU
	EndGlobalSection
	GlobalSection(ProjectConfigurationPlatforms) = postSolution
		{58249FC0-066A-4A78-BF25-410E1774A5E4}.Debug|Any CPU.ActiveCfg = Debug|Any CPU
		{58249FC0-066A-4A78-BF25-410E1774A5E4}.Debug|Any CPU.Build.0 = Debug|Any CPU
		{58249FC0-066A-4A78-BF25-410E1774A5E4}.Release|Any CPU.ActiveCfg = Release|Any CPU
		{58249FC0-066A-4A78-BF25-410E1774A5E4}.Release|Any CPU.Build.0 = Release|Any CPU
	EndGlobalSection
	GlobalSection(SolutionProperties) = preSolution
		HideSolutionNode = FALSE
	EndGlobalSection
	GlobalSection(ExtensibilityGlobals) = postSolution
		SolutionGuid = {6D5576A1-3A60-4793-9993-47D90E2D98EF}
	EndGlobalSection
EndGlobal
